{
  "name": "@moldea.ai/skill-conformance",
  "version": "3.1.0",
  "lockfileVersion": 3,
  "requires": true,
  "packages": {
    "": {
      "name": "@moldea.ai/skill-conformance",
      "version": "3.1.0",
      "devDependencies": {
        "@moldea.ai/cli": "4.0.0",
        "semver": "7.8.5",
        "yaml": "2.9.0"
      },
      "engines": {
        "node": "^22.11.0 || ^24.11.0"
      }
    },
    "node_modules/@moldea.ai/adapter-anthropic": {
      "version": "2.0.3",
      "resolved": "https://registry.npmjs.org/@moldea.ai/adapter-anthropic/-/adapter-anthropic-2.0.3.tgz",
      "integrity": "sha512-QqreUR2NeTqpapHXbNzxlo1gn5jkrDPwUbI4PhnrR/g0H7hoWZYKg+BLxwtQ2I71mep8BpLKR2TDc+uM7VU40A==",
      "dev": true,
      "license": "MIT",
      "dependencies": {
        "@moldea.ai/core": "^2.0.0",
        "@moldea.ai/repository": "^1.0.0",
        "semver": "7.8.5",
        "typescript": "6.0.3"
      },
      "engines": {
        "node": "^22.11.0 || ^24.11.0"
      }
    },
    "node_modules/@moldea.ai/adapter-claude-agent-sdk": {
      "version": "1.0.2",
      "resolved": "https://registry.npmjs.org/@moldea.ai/adapter-claude-agent-sdk/-/adapter-claude-agent-sdk-1.0.2.tgz",
      "integrity": "sha512-TY99ipDfclKv2xp+TnqshkWS5m5TkIjNUZUIS5JNvKU/zhVfjv7o7CQ4Ud/g+FjyxajisXBTWX1dpOZ4rzKcwA==",
      "dev": true,
      "license": "MIT",
      "dependencies": {
        "@moldea.ai/core": "^2.0.0",
        "@moldea.ai/repository": "^1.0.0",
        "semver": "7.8.5",
        "typescript": "6.0.3"
      },
      "engines": {
        "node": "^22.11.0 || ^24.11.0"
      }
    },
    "node_modules/@moldea.ai/adapter-cloudflare-agents": {
      "version": "1.0.2",
      "resolved": "https://registry.npmjs.org/@moldea.ai/adapter-cloudflare-agents/-/adapter-cloudflare-agents-1.0.2.tgz",
      "integrity": "sha512-kpj7W1irGuUM9IK+kgtLeNWoUZLOe4bqGvbdHMYKRYzosBXaP9RY5kZLqnVgb+/Ukx7m/NmGWXGsbEBepUUO9A==",
      "dev": true,
      "license": "MIT",
      "dependencies": {
        "@moldea.ai/core": "^2.0.0",
        "@moldea.ai/repository": "^1.0.0",
        "semver": "7.8.5",
        "typescript": "6.0.3"
      },
      "engines": {
        "node": "^22.11.0 || ^24.11.0"
      }
    },
    "node_modules/@moldea.ai/adapter-eve": {
      "version": "1.0.2",
      "resolved": "https://registry.npmjs.org/@moldea.ai/adapter-eve/-/adapter-eve-1.0.2.tgz",
      "integrity": "sha512-VTQBqKvMt4wJaLVDoyxNJpyZ/2HHpeghLa+ttx9QuVIYHc/616iGWR4lg6cPvcXvy7sp+/jHY6j5ysHTjoMHEg==",
      "dev": true,
      "license": "MIT",
      "dependencies": {
        "@moldea.ai/core": "^2.0.0",
        "@moldea.ai/repository": "^1.0.0",
        "semver": "7.8.5",
        "typescript": "6.0.3"
      },
      "engines": {
        "node": "^22.11.0 || ^24.11.0"
      }
    },
    "node_modules/@moldea.ai/adapter-google-genai": {
      "version": "1.0.5",
      "resolved": "https://registry.npmjs.org/@moldea.ai/adapter-google-genai/-/adapter-google-genai-1.0.5.tgz",
      "integrity": "sha512-SA/RQdJBYy9EgpSUfhuEcMwu46s4pEglSRr51FM7/F8BwpzmSoLpd03Q29kRQOBwvwhKWb6JbpzecD96xo1gOw==",
      "dev": true,
      "license": "MIT",
      "dependencies": {
        "@moldea.ai/core": "^2.0.0",
        "@moldea.ai/repository": "^1.0.0",
        "semver": "7.8.5",
        "typescript": "6.0.3"
      },
      "engines": {
        "node": "^22.11.0 || ^24.11.0"
      }
    },
    "node_modules/@moldea.ai/adapter-langchain": {
      "version": "1.0.2",
      "resolved": "https://registry.npmjs.org/@moldea.ai/adapter-langchain/-/adapter-langchain-1.0.2.tgz",
      "integrity": "sha512-3bdKDFkyDwrUxP4HtOdeFCRN2h4sWfM/1fCYisXusfRFs6EjjkEwGUnhW+WvfgFBau0FHuUO5svVUZ6UIcaE9g==",
      "dev": true,
      "license": "MIT",
      "dependencies": {
        "@moldea.ai/core": "^2.0.0",
        "@moldea.ai/repository": "^1.0.0",
        "semver": "7.8.5",
        "typescript": "6.0.3"
      },
      "engines": {
        "node": "^22.11.0 || ^24.11.0"
      }
    },
    "node_modules/@moldea.ai/adapter-langgraph": {
      "version": "1.0.2",
      "resolved": "https://registry.npmjs.org/@moldea.ai/adapter-langgraph/-/adapter-langgraph-1.0.2.tgz",
      "integrity": "sha512-oareZgNidFHp/jRQUaqFwxtNDYz7AY8bZlPFKZ7NgH/RH5AU1NLGWOaofkeo3mxDv1INl6WnTcyIOdaiYSYdrQ==",
      "dev": true,
      "license": "MIT",
      "dependencies": {
        "@moldea.ai/core": "^2.0.0",
        "@moldea.ai/repository": "^1.0.0",
        "semver": "7.8.5",
        "typescript": "6.0.3"
      },
      "engines": {
        "node": "^22.11.0 || ^24.11.0"
      }
    },
    "node_modules/@moldea.ai/adapter-openai": {
      "version": "2.0.6",
      "resolved": "https://registry.npmjs.org/@moldea.ai/adapter-openai/-/adapter-openai-2.0.6.tgz",
      "integrity": "sha512-LNk1UGtBN+ERsafdl/DfWJJr3tgnSRQk8UB324H4diyCz9GlcEX86FJQZeQnCc31I/wn/mpjvi1/hqy9hqQEBg==",
      "dev": true,
      "license": "MIT",
      "dependencies": {
        "@moldea.ai/core": "^2.0.0",
        "@moldea.ai/repository": "^1.0.0",
        "semver": "7.8.5",
        "typescript": "6.0.3"
      },
      "engines": {
        "node": "^22.11.0 || ^24.11.0"
      }
    },
    "node_modules/@moldea.ai/adapter-openai-agents-sdk": {
      "version": "1.0.4",
      "resolved": "https://registry.npmjs.org/@moldea.ai/adapter-openai-agents-sdk/-/adapter-openai-agents-sdk-1.0.4.tgz",
      "integrity": "sha512-gH3lyVvwzLpoof4r+Or+jbBkjx2TxHqKgIVfZvLdVLnAwxejcF5ocxudSRi8Y8q3uOKIdp9AQR/Ce1zyPG/2nw==",
      "dev": true,
      "license": "MIT",
      "dependencies": {
        "@moldea.ai/core": "^2.0.0",
        "@moldea.ai/repository": "^1.0.0",
        "semver": "7.8.5",
        "typescript": "6.0.3"
      },
      "engines": {
        "node": "^22.11.0 || ^24.11.0"
      }
    },
    "node_modules/@moldea.ai/adapter-vercel-ai-sdk": {
      "version": "1.0.2",
      "resolved": "https://registry.npmjs.org/@moldea.ai/adapter-vercel-ai-sdk/-/adapter-vercel-ai-sdk-1.0.2.tgz",
      "integrity": "sha512-+RMvamV/Uw+6C7KTARHA6YikMo3Lc7LYOOgh9V5Zwb58JCOYkf4zp6KfiSVVEnBJbIQY59mK5ZyozRzk8XWDWg==",
      "dev": true,
      "license": "MIT",
      "dependencies": {
        "@moldea.ai/core": "^2.0.0",
        "@moldea.ai/repository": "^1.0.0",
        "semver": "7.8.5",
        "typescript": "6.0.3"
      },
      "engines": {
        "node": "^22.11.0 || ^24.11.0"
      }
    },
    "node_modules/@moldea.ai/cli": {
      "version": "4.0.0",
      "resolved": "https://registry.npmjs.org/@moldea.ai/cli/-/cli-4.0.0.tgz",
      "integrity": "sha512-l/abdRfh8azB/8Kz+JGsSU2VzfAqiVMi4LcdlBiwss2mB2Q8DsISumm8D/O5nfD3Up/5RsdpqpqIGPik/cOwcQ==",
      "dev": true,
      "license": "MIT",
      "dependencies": {
        "@moldea.ai/adapter-anthropic": "2.0.3",
        "@moldea.ai/adapter-claude-agent-sdk": "1.0.2",
        "@moldea.ai/adapter-cloudflare-agents": "1.0.2",
        "@moldea.ai/adapter-eve": "1.0.2",
        "@moldea.ai/adapter-google-genai": "1.0.5",
        "@moldea.ai/adapter-langchain": "1.0.2",
        "@moldea.ai/adapter-langgraph": "1.0.2",
        "@moldea.ai/adapter-openai": "2.0.6",
        "@moldea.ai/adapter-openai-agents-sdk": "1.0.4",
        "@moldea.ai/adapter-vercel-ai-sdk": "1.0.2",
        "@moldea.ai/core": "2.0.1",
        "@moldea.ai/repository": "1.0.2",
        "@moldea.ai/repository-fs": "1.0.3",
        "semver": "7.8.5"
      },
      "bin": {
        "moldea": "dist/moldea.js"
      },
      "engines": {
        "node": "^22.11.0 || ^24.11.0"
      }
    },
    "node_modules/@moldea.ai/core": {
      "version": "2.0.1",
      "resolved": "https://registry.npmjs.org/@moldea.ai/core/-/core-2.0.1.tgz",
      "integrity": "sha512-pY80r/U8rVCxS0N4P+UZtVYEgcqLoTHpyyVCJAHo5BnLyKvPCLRYS+Z8ZtCOzp9gem7/wcbRhGiwL5VgmPcBZQ==",
      "dev": true,
      "license": "MIT",
      "dependencies": {
        "@moldea.ai/repository": "^1.0.0",
        "error-message-utils": "1.2.11",
        "yaml": "2.9.0"
      }
    },
    "node_modules/@moldea.ai/repository": {
      "version": "1.0.2",
      "resolved": "https://registry.npmjs.org/@moldea.ai/repository/-/repository-1.0.2.tgz",
      "integrity": "sha512-7zQLsFnI892kXHKTLynjoILJ1ivFPfPDrJXROa+zbuejgjtw8ZaemE6kd88J98jAQDWHA0A3cijgAlG58K4DVg==",
      "dev": true,
      "license": "MIT",
      "dependencies": {
        "error-message-utils": "1.2.11"
      }
    },
    "node_modules/@moldea.ai/repository-fs": {
      "version": "1.0.3",
      "resolved": "https://registry.npmjs.org/@moldea.ai/repository-fs/-/repository-fs-1.0.3.tgz",
      "integrity": "sha512-ToQ5bKtUmb51oBuvtUxvUGgCNpf8dN9OdNEfYG5KrzbmNKQxdHe2dDdbc4FfbyC66NSDOGbCyI3IMZQUXlw1zw==",
      "dev": true,
      "license": "MIT",
      "dependencies": {
        "@moldea.ai/repository": "^1.0.0"
      },
      "engines": {
        "node": "^22.11.0 || ^24.11.0"
      }
    },
    "node_modules/error-message-utils": {
      "version": "1.2.11",
      "resolved": "https://registry.npmjs.org/error-message-utils/-/error-message-utils-1.2.11.tgz",
      "integrity": "sha512-WN8vszYhFW+Xw2XSW04gTgRD4kqAmDdz9+KpLum1viDCo6D+26G+YqyVsCBDVHnWctsqzCOaGaWaoowrEVzKfg==",
      "dev": true,
      "license": "MIT",
      "dependencies": {
        "zod": "4.3.6"
      }
    },
    "node_modules/semver": {
      "version": "7.8.5",
      "resolved": "https://registry.npmjs.org/semver/-/semver-7.8.5.tgz",
      "integrity": "sha512-Y7/KDsb8LjooZpwaqGyulO6DQlksgCncchHGk+sZIY4SBvUocMBEFH5Ur1fI4dV+Jvl0w6cjvucaIi40puRioA==",
      "dev": true,
      "license": "ISC",
      "bin": {
        "semver": "bin/semver.js"
      },
      "engines": {
        "node": ">=10"
      }
    },
    "node_modules/typescript": {
      "version": "6.0.3",
      "resolved": "https://registry.npmjs.org/typescript/-/typescript-6.0.3.tgz",
      "integrity": "sha512-y2TvuxSZPDyQakkFRPZHKFm+KKVqIisdg9/CZwm9ftvKXLP8NRWj38/ODjNbr43SsoXqNuAisEf1GdCxqWcdBw==",
      "dev": true,
      "license": "Apache-2.0",
      "bin": {
        "tsc": "bin/tsc",
        "tsserver": "bin/tsserver"
      },
      "engines": {
        "node": ">=14.17"
      }
    },
    "node_modules/yaml": {
      "version": "2.9.0",
      "resolved": "https://registry.npmjs.org/yaml/-/yaml-2.9.0.tgz",
      "integrity": "sha512-2AvhNX3mb8zd6Zy7INTtSpl1F15HW6Wnqj0srWlkKLcpYl/gMIMJiyuGq2KeI2YFxUPjdlB+3Lc10seMLtL4cA==",
      "dev": true,
      "license": "ISC",
      "bin": {
        "yaml": "bin.mjs"
      },
      "engines": {
        "node": ">= 14.6"
      },
      "funding": {
        "url": "https://github.com/sponsors/eemeli"
      }
    },
    "node_modules/zod": {
      "version": "4.3.6",
      "resolved": "https://registry.npmjs.org/zod/-/zod-4.3.6.tgz",
      "integrity": "sha512-rftlrkhHZOcjDwkGlnUtZZkvaPHCsDATp4pGpuOOMDaTdDDXF91wuVDJoWoPsKX/3YPQ5fHuF3STjcYyKr+Qhg==",
      "dev": true,
      "license": "MIT",
      "funding": {
        "url": "https://github.com/sponsors/colinhacks"
      }
    }
  }
}
