{
  "name": "@moldea.ai/skill-conformance",
  "version": "1.1.0",
  "lockfileVersion": 3,
  "requires": true,
  "packages": {
    "": {
      "name": "@moldea.ai/skill-conformance",
      "version": "1.1.0",
      "devDependencies": {
        "@moldea.ai/cli": "1.1.1",
        "yaml": "2.9.0"
      },
      "engines": {
        "node": "^22.11.0 || ^24.11.0"
      }
    },
    "node_modules/@moldea.ai/adapter-openai": {
      "version": "1.0.1",
      "resolved": "https://registry.npmjs.org/@moldea.ai/adapter-openai/-/adapter-openai-1.0.1.tgz",
      "integrity": "sha512-nG+wqu+oNfx+tLEWcsgdHbcdoK641jkhcc08bkJyqBUPJ7GF8kTwEIq8bNmdazUGNda0cduLK1evv2+WcJ1wSg==",
      "dev": true,
      "license": "MIT",
      "dependencies": {
        "@moldea.ai/core": "^1.0.0",
        "@moldea.ai/repository": "^1.0.0",
        "semver": "7.8.5",
        "typescript": "6.0.3"
      },
      "engines": {
        "node": "^22.11.0 || ^24.11.0"
      }
    },
    "node_modules/@moldea.ai/cli": {
      "version": "1.1.1",
      "resolved": "https://registry.npmjs.org/@moldea.ai/cli/-/cli-1.1.1.tgz",
      "integrity": "sha512-2VNIvB/h+/mY9b2NE4vkFH4V06qcdSGY/B5gVvGCEt7YlZn5+k1yod7vaxCOa7LWUDKtvQa8W3FlyD+1EDHZeA==",
      "dev": true,
      "license": "MIT",
      "dependencies": {
        "@moldea.ai/adapter-openai": "1.0.1",
        "@moldea.ai/core": "1.0.1",
        "@moldea.ai/repository": "1.0.1",
        "@moldea.ai/repository-fs": "1.0.1",
        "semver": "7.8.5"
      },
      "bin": {
        "moldea": "dist/moldea.js"
      },
      "engines": {
        "node": "^22.11.0 || ^24.11.0"
      }
    },
    "node_modules/@moldea.ai/core": {
      "version": "1.0.1",
      "resolved": "https://registry.npmjs.org/@moldea.ai/core/-/core-1.0.1.tgz",
      "integrity": "sha512-Fm/Ab9fErt3E4o+ezRbIGxMkQG/1qsAt6ysCmW/jOM50aHNl8k0IIPYXEQsOZt8emwuH1xPki4TiziGWiarvkw==",
      "dev": true,
      "license": "MIT",
      "dependencies": {
        "@moldea.ai/repository": "^1.0.0",
        "error-message-utils": "1.2.11",
        "yaml": "2.9.0"
      }
    },
    "node_modules/@moldea.ai/repository": {
      "version": "1.0.1",
      "resolved": "https://registry.npmjs.org/@moldea.ai/repository/-/repository-1.0.1.tgz",
      "integrity": "sha512-3QDWG8YrUAchQe3B4CaxyCZcHy1CkCv1LaeW81v5P9QhtstYK1+0ekUyiVNVzVXVg8LjrLwwD5Dt+zy7TMqnfA==",
      "dev": true,
      "license": "MIT",
      "dependencies": {
        "error-message-utils": "1.2.11"
      }
    },
    "node_modules/@moldea.ai/repository-fs": {
      "version": "1.0.1",
      "resolved": "https://registry.npmjs.org/@moldea.ai/repository-fs/-/repository-fs-1.0.1.tgz",
      "integrity": "sha512-q9mkB+YkBh6x1n6+RQPOeAILYTNXDlwV1SBu0isb4p5ynTi+p5TRRCdB5PiDH0mrwYFEOfir6BpmwTtq6a2Pmw==",
      "dev": true,
      "license": "MIT",
      "dependencies": {
        "@moldea.ai/repository": "^1.0.0"
      },
      "engines": {
        "node": "^22.11.0 || ^24.11.0"
      }
    },
    "node_modules/error-message-utils": {
      "version": "1.2.11",
      "resolved": "https://registry.npmjs.org/error-message-utils/-/error-message-utils-1.2.11.tgz",
      "integrity": "sha512-WN8vszYhFW+Xw2XSW04gTgRD4kqAmDdz9+KpLum1viDCo6D+26G+YqyVsCBDVHnWctsqzCOaGaWaoowrEVzKfg==",
      "dev": true,
      "license": "MIT",
      "dependencies": {
        "zod": "4.3.6"
      }
    },
    "node_modules/semver": {
      "version": "7.8.5",
      "resolved": "https://registry.npmjs.org/semver/-/semver-7.8.5.tgz",
      "integrity": "sha512-Y7/KDsb8LjooZpwaqGyulO6DQlksgCncchHGk+sZIY4SBvUocMBEFH5Ur1fI4dV+Jvl0w6cjvucaIi40puRioA==",
      "dev": true,
      "license": "ISC",
      "bin": {
        "semver": "bin/semver.js"
      },
      "engines": {
        "node": ">=10"
      }
    },
    "node_modules/typescript": {
      "version": "6.0.3",
      "resolved": "https://registry.npmjs.org/typescript/-/typescript-6.0.3.tgz",
      "integrity": "sha512-y2TvuxSZPDyQakkFRPZHKFm+KKVqIisdg9/CZwm9ftvKXLP8NRWj38/ODjNbr43SsoXqNuAisEf1GdCxqWcdBw==",
      "dev": true,
      "license": "Apache-2.0",
      "bin": {
        "tsc": "bin/tsc",
        "tsserver": "bin/tsserver"
      },
      "engines": {
        "node": ">=14.17"
      }
    },
    "node_modules/yaml": {
      "version": "2.9.0",
      "resolved": "https://registry.npmjs.org/yaml/-/yaml-2.9.0.tgz",
      "integrity": "sha512-2AvhNX3mb8zd6Zy7INTtSpl1F15HW6Wnqj0srWlkKLcpYl/gMIMJiyuGq2KeI2YFxUPjdlB+3Lc10seMLtL4cA==",
      "dev": true,
      "license": "ISC",
      "bin": {
        "yaml": "bin.mjs"
      },
      "engines": {
        "node": ">= 14.6"
      },
      "funding": {
        "url": "https://github.com/sponsors/eemeli"
      }
    },
    "node_modules/zod": {
      "version": "4.3.6",
      "resolved": "https://registry.npmjs.org/zod/-/zod-4.3.6.tgz",
      "integrity": "sha512-rftlrkhHZOcjDwkGlnUtZZkvaPHCsDATp4pGpuOOMDaTdDDXF91wuVDJoWoPsKX/3YPQ5fHuF3STjcYyKr+Qhg==",
      "dev": true,
      "license": "MIT",
      "funding": {
        "url": "https://github.com/sponsors/colinhacks"
      }
    }
  }
}
