{
  "name": "@moldea.ai/skill-conformance",
  "version": "5.0.0",
  "lockfileVersion": 3,
  "requires": true,
  "packages": {
    "": {
      "name": "@moldea.ai/skill-conformance",
      "version": "5.0.0",
      "devDependencies": {
        "@moldea.ai/cli": "7.0.0",
        "semver": "7.8.5",
        "yaml": "2.9.0"
      },
      "engines": {
        "node": ">=22.11.0"
      }
    },
    "node_modules/@moldea.ai/adapter-anthropic": {
      "version": "3.0.0",
      "resolved": "https://registry.npmjs.org/@moldea.ai/adapter-anthropic/-/adapter-anthropic-3.0.0.tgz",
      "integrity": "sha512-8/gHFVSCfjLZaN610l7ohaVdt5KyI+7WJNiK7qDg0FheL2QyLMsUTH1MmTn1NOOAo4Qi4HD1vLkl9+E5dUDwWQ==",
      "dev": true,
      "license": "MIT",
      "dependencies": {
        "@moldea.ai/core": "3.0.0",
        "@moldea.ai/repository": "2.0.0",
        "semver": "7.8.5",
        "typescript": "6.0.3"
      },
      "engines": {
        "node": ">=22.11.0"
      }
    },
    "node_modules/@moldea.ai/adapter-claude-agent-sdk": {
      "version": "2.0.0",
      "resolved": "https://registry.npmjs.org/@moldea.ai/adapter-claude-agent-sdk/-/adapter-claude-agent-sdk-2.0.0.tgz",
      "integrity": "sha512-exUzzX9fsouiwkCHKfBRBmiOlQQIgkgDkvXXRwkeWs77kJFDF5xYg/Ud9JdFP1eLjDcjUkoArUHppQsioI+EmA==",
      "dev": true,
      "license": "MIT",
      "dependencies": {
        "@moldea.ai/core": "3.0.0",
        "@moldea.ai/repository": "2.0.0",
        "semver": "7.8.5",
        "typescript": "6.0.3"
      },
      "engines": {
        "node": ">=22.11.0"
      }
    },
    "node_modules/@moldea.ai/adapter-cloudflare-agents": {
      "version": "2.0.0",
      "resolved": "https://registry.npmjs.org/@moldea.ai/adapter-cloudflare-agents/-/adapter-cloudflare-agents-2.0.0.tgz",
      "integrity": "sha512-2KGBN0oNL+oa7DBmwPr5TQSWK0Fz7bLT1b4BBdrR0QchR93gkqFeTatj8CqP935hditSmbzau1uX4YgkGuAsMg==",
      "dev": true,
      "license": "MIT",
      "dependencies": {
        "@moldea.ai/core": "3.0.0",
        "@moldea.ai/repository": "2.0.0",
        "semver": "7.8.5",
        "typescript": "6.0.3"
      },
      "engines": {
        "node": ">=22.11.0"
      }
    },
    "node_modules/@moldea.ai/adapter-eve": {
      "version": "2.0.0",
      "resolved": "https://registry.npmjs.org/@moldea.ai/adapter-eve/-/adapter-eve-2.0.0.tgz",
      "integrity": "sha512-CLrolZDnNhhIeEsPcu6Y4XG/u4+6EiiY3qtMMEbN3qPnz3Rsi30jJ/Nxpxe/wnXuKotXVz4LwWITv+9NknkviA==",
      "dev": true,
      "license": "MIT",
      "dependencies": {
        "@moldea.ai/core": "3.0.0",
        "@moldea.ai/repository": "2.0.0",
        "semver": "7.8.5",
        "typescript": "6.0.3"
      },
      "engines": {
        "node": ">=22.11.0"
      }
    },
    "node_modules/@moldea.ai/adapter-google-genai": {
      "version": "2.0.0",
      "resolved": "https://registry.npmjs.org/@moldea.ai/adapter-google-genai/-/adapter-google-genai-2.0.0.tgz",
      "integrity": "sha512-3V8u2fRYGDpPKIs8kGka8C4FayJTFMdb7EaClN2xn+2by6/hg+LXWqW/pRuBmnd7lhW6paeHOe2FBBNFI9e2nA==",
      "dev": true,
      "license": "MIT",
      "dependencies": {
        "@moldea.ai/core": "3.0.0",
        "@moldea.ai/repository": "2.0.0",
        "semver": "7.8.5",
        "typescript": "6.0.3"
      },
      "engines": {
        "node": ">=22.11.0"
      }
    },
    "node_modules/@moldea.ai/adapter-langchain": {
      "version": "2.0.0",
      "resolved": "https://registry.npmjs.org/@moldea.ai/adapter-langchain/-/adapter-langchain-2.0.0.tgz",
      "integrity": "sha512-A4l4KQotA2aEMTQUv3ycpz7hy3H7coqw9Fkx7P7ldFzW8T9OpK5FNJVUbNnHz5n+yr4TTPnSIVLaAr7cM9cIBg==",
      "dev": true,
      "license": "MIT",
      "dependencies": {
        "@moldea.ai/core": "3.0.0",
        "@moldea.ai/repository": "2.0.0",
        "semver": "7.8.5",
        "typescript": "6.0.3"
      },
      "engines": {
        "node": ">=22.11.0"
      }
    },
    "node_modules/@moldea.ai/adapter-langgraph": {
      "version": "2.0.0",
      "resolved": "https://registry.npmjs.org/@moldea.ai/adapter-langgraph/-/adapter-langgraph-2.0.0.tgz",
      "integrity": "sha512-jCk7u4Qi45I5kiwTBOnahegVwDOc8W9TnM1l4Gz8DgkuHVvuLo5gyLHXHyyU/jl7qElPKPuWdqE1pL8weAAqVg==",
      "dev": true,
      "license": "MIT",
      "dependencies": {
        "@moldea.ai/core": "3.0.0",
        "@moldea.ai/repository": "2.0.0",
        "semver": "7.8.5",
        "typescript": "6.0.3"
      },
      "engines": {
        "node": ">=22.11.0"
      }
    },
    "node_modules/@moldea.ai/adapter-openai": {
      "version": "3.0.0",
      "resolved": "https://registry.npmjs.org/@moldea.ai/adapter-openai/-/adapter-openai-3.0.0.tgz",
      "integrity": "sha512-CyaS1H4lz7OjbswEExFJHB5D+659yUztJLSGDBqj2snkWcKRVbOL/ivsxHlb9QGvambpnkAhKHUc0yZiiHTucA==",
      "dev": true,
      "license": "MIT",
      "dependencies": {
        "@moldea.ai/core": "3.0.0",
        "@moldea.ai/repository": "2.0.0",
        "semver": "7.8.5",
        "typescript": "6.0.3"
      },
      "engines": {
        "node": ">=22.11.0"
      }
    },
    "node_modules/@moldea.ai/adapter-openai-agents-sdk": {
      "version": "2.0.0",
      "resolved": "https://registry.npmjs.org/@moldea.ai/adapter-openai-agents-sdk/-/adapter-openai-agents-sdk-2.0.0.tgz",
      "integrity": "sha512-YyecAr/j7HRJHR7fdzf4/n4K8wXLCBZyZi9ZWW+SCWd3ZDVISRj1wFzQu+L8OzN1CXleOcweRsqDvvHJ4EzVPQ==",
      "dev": true,
      "license": "MIT",
      "dependencies": {
        "@moldea.ai/core": "3.0.0",
        "@moldea.ai/repository": "2.0.0",
        "semver": "7.8.5",
        "typescript": "6.0.3"
      },
      "engines": {
        "node": ">=22.11.0"
      }
    },
    "node_modules/@moldea.ai/adapter-vercel-ai-sdk": {
      "version": "2.0.0",
      "resolved": "https://registry.npmjs.org/@moldea.ai/adapter-vercel-ai-sdk/-/adapter-vercel-ai-sdk-2.0.0.tgz",
      "integrity": "sha512-fWa0mg+sYPAqvY6YT2B3DwuUqqmAZ9Z3xuS+ACcveJXTlYFSAJQS130jHL9VahOaLBfPIE6zqmMGdVD4hPC0Nw==",
      "dev": true,
      "license": "MIT",
      "dependencies": {
        "@moldea.ai/core": "3.0.0",
        "@moldea.ai/repository": "2.0.0",
        "semver": "7.8.5",
        "typescript": "6.0.3"
      },
      "engines": {
        "node": ">=22.11.0"
      }
    },
    "node_modules/@moldea.ai/cli": {
      "version": "7.0.0",
      "resolved": "https://registry.npmjs.org/@moldea.ai/cli/-/cli-7.0.0.tgz",
      "integrity": "sha512-a+Eg/FjTCl4YwUcZwBYiZzJBUCNfYtU4MU6dkrI7JUsj4G/3qOgFUcyoJDvj9Q4raLpgAvinqR/xjSUeu5SzeQ==",
      "dev": true,
      "license": "MIT",
      "dependencies": {
        "@moldea.ai/adapter-anthropic": "3.0.0",
        "@moldea.ai/adapter-claude-agent-sdk": "2.0.0",
        "@moldea.ai/adapter-cloudflare-agents": "2.0.0",
        "@moldea.ai/adapter-eve": "2.0.0",
        "@moldea.ai/adapter-google-genai": "2.0.0",
        "@moldea.ai/adapter-langchain": "2.0.0",
        "@moldea.ai/adapter-langgraph": "2.0.0",
        "@moldea.ai/adapter-openai": "3.0.0",
        "@moldea.ai/adapter-openai-agents-sdk": "2.0.0",
        "@moldea.ai/adapter-vercel-ai-sdk": "2.0.0",
        "@moldea.ai/core": "3.0.0",
        "@moldea.ai/repository": "2.0.0",
        "@moldea.ai/repository-fs": "2.0.0",
        "semver": "7.8.5"
      },
      "bin": {
        "moldea": "dist/moldea.js"
      },
      "engines": {
        "node": ">=22.11.0"
      }
    },
    "node_modules/@moldea.ai/core": {
      "version": "3.0.0",
      "resolved": "https://registry.npmjs.org/@moldea.ai/core/-/core-3.0.0.tgz",
      "integrity": "sha512-fpQVyk5c/gRjbuFGrCuubPqJGgw22ceEmLO1plNMcNGnXPvNEFlYp71plu83h5Yib3zJmLa6s8zrubGaWm6OQw==",
      "dev": true,
      "license": "MIT",
      "dependencies": {
        "@moldea.ai/repository": "2.0.0",
        "error-message-utils": "1.2.11",
        "yaml": "2.9.0"
      }
    },
    "node_modules/@moldea.ai/repository": {
      "version": "2.0.0",
      "resolved": "https://registry.npmjs.org/@moldea.ai/repository/-/repository-2.0.0.tgz",
      "integrity": "sha512-inhtMPmNtW/YnWZikBLMy+FsW3UyVsMaL0pKkV75ZX6VFP2yEFuc1puKyLu2kd8unvE5fAc+oO4lnuYKY77Rcw==",
      "dev": true,
      "license": "MIT",
      "dependencies": {
        "error-message-utils": "1.2.11"
      },
      "peerDependencies": {
        "vitest": ">=1.0.0",
        "web-utils-kit": ">=1.3.1"
      },
      "peerDependenciesMeta": {
        "vitest": {
          "optional": true
        },
        "web-utils-kit": {
          "optional": true
        }
      }
    },
    "node_modules/@moldea.ai/repository-fs": {
      "version": "2.0.0",
      "resolved": "https://registry.npmjs.org/@moldea.ai/repository-fs/-/repository-fs-2.0.0.tgz",
      "integrity": "sha512-KNTALMlnH1Y9eZTrzN5UgJg8bxnL+8yhXyFuP7MkQpJ6SDk+t+Y4wMpGXaBP22KwiZmReD2QQa0VUeWmUof8ig==",
      "dev": true,
      "license": "MIT",
      "dependencies": {
        "@moldea.ai/repository": "2.0.0"
      },
      "engines": {
        "node": ">=22.11.0"
      }
    },
    "node_modules/error-message-utils": {
      "version": "1.2.11",
      "resolved": "https://registry.npmjs.org/error-message-utils/-/error-message-utils-1.2.11.tgz",
      "integrity": "sha512-WN8vszYhFW+Xw2XSW04gTgRD4kqAmDdz9+KpLum1viDCo6D+26G+YqyVsCBDVHnWctsqzCOaGaWaoowrEVzKfg==",
      "dev": true,
      "license": "MIT",
      "dependencies": {
        "zod": "4.3.6"
      }
    },
    "node_modules/semver": {
      "version": "7.8.5",
      "resolved": "https://registry.npmjs.org/semver/-/semver-7.8.5.tgz",
      "integrity": "sha512-Y7/KDsb8LjooZpwaqGyulO6DQlksgCncchHGk+sZIY4SBvUocMBEFH5Ur1fI4dV+Jvl0w6cjvucaIi40puRioA==",
      "dev": true,
      "license": "ISC",
      "bin": {
        "semver": "bin/semver.js"
      },
      "engines": {
        "node": ">=10"
      }
    },
    "node_modules/typescript": {
      "version": "6.0.3",
      "resolved": "https://registry.npmjs.org/typescript/-/typescript-6.0.3.tgz",
      "integrity": "sha512-y2TvuxSZPDyQakkFRPZHKFm+KKVqIisdg9/CZwm9ftvKXLP8NRWj38/ODjNbr43SsoXqNuAisEf1GdCxqWcdBw==",
      "dev": true,
      "license": "Apache-2.0",
      "bin": {
        "tsc": "bin/tsc",
        "tsserver": "bin/tsserver"
      },
      "engines": {
        "node": ">=14.17"
      }
    },
    "node_modules/yaml": {
      "version": "2.9.0",
      "resolved": "https://registry.npmjs.org/yaml/-/yaml-2.9.0.tgz",
      "integrity": "sha512-2AvhNX3mb8zd6Zy7INTtSpl1F15HW6Wnqj0srWlkKLcpYl/gMIMJiyuGq2KeI2YFxUPjdlB+3Lc10seMLtL4cA==",
      "dev": true,
      "license": "ISC",
      "bin": {
        "yaml": "bin.mjs"
      },
      "engines": {
        "node": ">= 14.6"
      },
      "funding": {
        "url": "https://github.com/sponsors/eemeli"
      }
    },
    "node_modules/zod": {
      "version": "4.3.6",
      "resolved": "https://registry.npmjs.org/zod/-/zod-4.3.6.tgz",
      "integrity": "sha512-rftlrkhHZOcjDwkGlnUtZZkvaPHCsDATp4pGpuOOMDaTdDDXF91wuVDJoWoPsKX/3YPQ5fHuF3STjcYyKr+Qhg==",
      "dev": true,
      "license": "MIT",
      "funding": {
        "url": "https://github.com/sponsors/colinhacks"
      }
    }
  }
}
